
Microsoft Visual Studio Solution File, Format Version 12.00
# Visual Studio Version 17
VisualStudioVersion = 17.3.32929.385
MinimumVisualStudioVersion = 10.0.40219.1
Project("{FAE04EC0-301F-11D3-BF4B-00C04F79EFBC}") = "PIF", "PIF.csproj", "{30DB1E83-F4D0-45ED-898E-AB9112DD4348}"
EndProject
Global
	GlobalSection(SolutionConfigurationPlatforms) = preSolution
		Debug|Any CPU = Debug|Any CPU
		Release|Any CPU = Release|Any CPU
	EndGlobalSection
	GlobalSection(ProjectConfigurationPlatforms) = postSolution
		{30DB1E83-F4D0-45ED-898E-AB9112DD4348}.Debug|Any CPU.ActiveCfg = Debug|Any CPU
		{30DB1E83-F4D0-45ED-898E-AB9112DD4348}.Debug|Any CPU.Build.0 = Debug|Any CPU
		{30DB1E83-F4D0-45ED-898E-AB9112DD4348}.Release|Any CPU.ActiveCfg = Release|Any CPU
		{30DB1E83-F4D0-45ED-898E-AB9112DD4348}.Release|Any CPU.Build.0 = Release|Any CPU
	EndGlobalSection
	GlobalSection(SolutionProperties) = preSolution
		HideSolutionNode = FALSE
	EndGlobalSection
	GlobalSection(ExtensibilityGlobals) = postSolution
		SolutionGuid = {18F44B59-A2CA-41CF-B202-EEC8DCBFA923}
	EndGlobalSection
EndGlobal
